
Microsoft Visual Studio Solution File, Format Version 12.00
# Visual Studio Version 16
VisualStudioVersion = 16.0.30717.126
MinimumVisualStudioVersion = 10.0.40219.1
Project("{9A19103F-16F7-4668-BE54-9A1E7A4F7556}") = "Uploader", "Uploader\Uploader.csproj", "{A2FEA170-E2E4-495B-A9BD-08F97F9E8317}"
EndProject
Project("{9A19103F-16F7-4668-BE54-9A1E7A4F7556}") = "Downloader", "..\Downloader\Downloader.csproj", "{C67DE6D1-9004-457E-A465-F090DC2A2C7C}"
EndProject
Global
	GlobalSection(SolutionConfigurationPlatforms) = preSolution
		Debug|Any CPU = Debug|Any CPU
		Release|Any CPU = Release|Any CPU
	EndGlobalSection
	GlobalSection(ProjectConfigurationPlatforms) = postSolution
		{A2FEA170-E2E4-495B-A9BD-08F97F9E8317}.Debug|Any CPU.ActiveCfg = Debug|Any CPU
		{A2FEA170-E2E4-495B-A9BD-08F97F9E8317}.Debug|Any CPU.Build.0 = Debug|Any CPU
		{A2FEA170-E2E4-495B-A9BD-08F97F9E8317}.Release|Any CPU.ActiveCfg = Release|Any CPU
		{A2FEA170-E2E4-495B-A9BD-08F97F9E8317}.Release|Any CPU.Build.0 = Release|Any CPU
		{C67DE6D1-9004-457E-A465-F090DC2A2C7C}.Debug|Any CPU.ActiveCfg = Debug|Any CPU
		{C67DE6D1-9004-457E-A465-F090DC2A2C7C}.Debug|Any CPU.Build.0 = Debug|Any CPU
		{C67DE6D1-9004-457E-A465-F090DC2A2C7C}.Release|Any CPU.ActiveCfg = Release|Any CPU
		{C67DE6D1-9004-457E-A465-F090DC2A2C7C}.Release|Any CPU.Build.0 = Release|Any CPU
	EndGlobalSection
	GlobalSection(SolutionProperties) = preSolution
		HideSolutionNode = FALSE
	EndGlobalSection
	GlobalSection(ExtensibilityGlobals) = postSolution
		SolutionGuid = {B58AE48F-2599-4197-BDFC-5A9E29786319}
	EndGlobalSection
EndGlobal
